
Microsoft Visual Studio Solution File, Format Version 12.00
# Visual Studio Version 16
VisualStudioVersion = 16.0.31025.194
MinimumVisualStudioVersion = 10.0.40219.1
Project("{F184B08F-C81C-45F6-A57F-5ABD9991F28F}") = "Function and Sub", "Function and Sub\Function and Sub.vbproj", "{ED59AA39-4C64-4D50-8602-F846B8227692}"
EndProject
Global
	GlobalSection(SolutionConfigurationPlatforms) = preSolution
		Debug|Any CPU = Debug|Any CPU
		Release|Any CPU = Release|Any CPU
	EndGlobalSection
	GlobalSection(ProjectConfigurationPlatforms) = postSolution
		{ED59AA39-4C64-4D50-8602-F846B8227692}.Debug|Any CPU.ActiveCfg = Debug|Any CPU
		{ED59AA39-4C64-4D50-8602-F846B8227692}.Debug|Any CPU.Build.0 = Debug|Any CPU
		{ED59AA39-4C64-4D50-8602-F846B8227692}.Release|Any CPU.ActiveCfg = Release|Any CPU
		{ED59AA39-4C64-4D50-8602-F846B8227692}.Release|Any CPU.Build.0 = Release|Any CPU
	EndGlobalSection
	GlobalSection(SolutionProperties) = preSolution
		HideSolutionNode = FALSE
	EndGlobalSection
	GlobalSection(ExtensibilityGlobals) = postSolution
		SolutionGuid = {EBC8B7AF-93A1-4971-AF76-64FF3B7784D0}
	EndGlobalSection
EndGlobal
